// !$*UTF8*$!
{
	archiveVersion = 1;
	classes = {
	};
	objectVersion = 50;
	objects = {

/* Begin PBXBuildFile section */
		DBD82F6A213C3F9600C444A6 /* AppDelegate.swift in Sources */ = {isa = PBXBuildFile; fileRef = DBD82F69213C3F9600C444A6 /* AppDelegate.swift */; };
		DBD82F6C213C3F9600C444A6 /* ViewController.swift in Sources */ = {isa = PBXBuildFile; fileRef = DBD82F6B213C3F9600C444A6 /* ViewController.swift */; };
		DBD82F6F213C3F9600C444A6 /* Main.storyboard in Resources */ = {isa = PBXBuildFile; fileRef = DBD82F6D213C3F9600C444A6 /* Main.storyboard */; };
		DBD82F71213C3F9600C444A6 /* Assets.xcassets in Resources */ = {isa = PBXBuildFile; fileRef = DBD82F70213C3F9600C444A6 /* Assets.xcassets */; };
		DBD82F74213C3F9600C444A6 /* LaunchScreen.storyboard in Resources */ = {isa = PBXBuildFile; fileRef = DBD82F72213C3F9600C444A6 /* LaunchScreen.storyboard */; };
		DBD82F7F213C3F9600C444A6 /* HorizontalSwipeSampleTests.swift in Sources */ = {isa = PBXBuildFile; fileRef = DBD82F7E213C3F9600C444A6 /* HorizontalSwipeSampleTests.swift */; };
/* End PBXBuildFile section */

/* Begin PBXContainerItemProxy section */
		DBD82F7B213C3F9600C444A6 /* PBXContainerItemProxy */ = {
			isa = PBXContainerItemProxy;
			containerPortal = DBD82F5E213C3F9600C444A6 /* Project object */;
			proxyType = 1;
			remoteGlobalIDString = DBD82F65213C3F9600C444A6;
			remoteInfo = HorizontalSwipeSample;
		};
/* End PBXContainerItemProxy section */

/* Begin PBXFileReference section */
		DBD82F66213C3F9600C444A6 /* HorizontalSwipeSample.app */ = {isa = PBXFileReference; explicitFileType = wrapper.application; includeInIndex = 0; path = HorizontalSwipeSample.app; sourceTree = BUILT_PRODUCTS_DIR; };
		DBD82F69213C3F9600C444A6 /* AppDelegate.swift */ = {isa = PBXFileReference; lastKnownFileType = sourcecode.swift; path = AppDelegate.swift; sourceTree = "<group>"; };
		DBD82F6B213C3F9600C444A6 /* ViewController.swift */ = {isa = PBXFileReference; lastKnownFileType = sourcecode.swift; path = ViewController.swift; sourceTree = "<group>"; };
		DBD82F6E213C3F9600C444A6 /* Base */ = {isa = PBXFileReference; lastKnownFileType = file.storyboard; name = Base; path = Base.lproj/Main.storyboard; sourceTree = "<group>"; };
		DBD82F70213C3F9600C444A6 /* Assets.xcassets */ = {isa = PBXFileReference; lastKnownFileType = folder.assetcatalog; path = Assets.xcassets; sourceTree = "<group>"; };
		DBD82F73213C3F9600C444A6 /* Base */ = {isa = PBXFileReference; lastKnownFileType = file.storyboard; name = Base; path = Base.lproj/LaunchScreen.storyboard; sourceTree = "<group>"; };
		DBD82F75213C3F9600C444A6 /* Info.plist */ = {isa = PBXFileReference; lastKnownFileType = text.plist.xml; path = Info.plist; sourceTree = "<group>"; };
		DBD82F7A213C3F9600C444A6 /* HorizontalSwipeSampleTests.xctest */ = {isa = PBXFileReference; explicitFileType = wrapper.cfbundle; includeInIndex = 0; path = HorizontalSwipeSampleTests.xctest; sourceTree = BUILT_PRODUCTS_DIR; };
		DBD82F7E213C3F9600C444A6 /* HorizontalSwipeSampleTests.swift */ = {isa = PBXFileReference; lastKnownFileType = sourcecode.swift; path = HorizontalSwipeSampleTests.swift; sourceTree = "<group>"; };
		DBD82F80213C3F9700C444A6 /* Info.plist */ = {isa = PBXFileReference; lastKnownFileType = text.plist.xml; path = Info.plist; sourceTree = "<group>"; };
/* End PBXFileReference section */

/* Begin PBXFrameworksBuildPhase section */
		DBD82F63213C3F9600C444A6 /* Frameworks */ = {
			isa = PBXFrameworksBuildPhase;
			buildActionMask = 2147483647;
			files = (
			);
			runOnlyForDeploymentPostprocessing = 0;
		};
		DBD82F77213C3F9600C444A6 /* Frameworks */ = {
			isa = PBXFrameworksBuildPhase;
			buildActionMask = 2147483647;
			files = (
			);
			runOnlyForDeploymentPostprocessing = 0;
		};
/* End PBXFrameworksBuildPhase section */

/* Begin PBXGroup section */
		DBD82F5D213C3F9600C444A6 = {
			isa = PBXGroup;
			children = (
				DBD82F68213C3F9600C444A6 /* HorizontalSwipeSample */,
				DBD82F7D213C3F9600C444A6 /* HorizontalSwipeSampleTests */,
				DBD82F67213C3F9600C444A6 /* Products */,
			);
			sourceTree = "<group>";
		};
		DBD82F67213C3F9600C444A6 /* Products */ = {
			isa = PBXGroup;
			children = (
				DBD82F66213C3F9600C444A6 /* HorizontalSwipeSample.app */,
				DBD82F7A213C3F9600C444A6 /* HorizontalSwipeSampleTests.xctest */,
			);
			name = Products;
			sourceTree = "<group>";
		};
		DBD82F68213C3F9600C444A6 /* HorizontalSwipeSample */ = {
			isa = PBXGroup;
			children = (
				DBD82F69213C3F9600C444A6 /* AppDelegate.swift */,
				DBD82F6B213C3F9600C444A6 /* ViewController.swift */,
				DBD82F6D213C3F9600C444A6 /* Main.storyboard */,
				DBD82F70213C3F9600C444A6 /* Assets.xcassets */,
				DBD82F72213C3F9600C444A6 /* LaunchScreen.storyboard */,
				DBD82F75213C3F9600C444A6 /* Info.plist */,
			);
			path = HorizontalSwipeSample;
			sourceTree = "<group>";
		};
		DBD82F7D213C3F9600C444A6 /* HorizontalSwipeSampleTests */ = {
			isa = PBXGroup;
			children = (
				DBD82F7E213C3F9600C444A6 /* HorizontalSwipeSampleTests.swift */,
				DBD82F80213C3F9700C444A6 /* Info.plist */,
			);
			path = HorizontalSwipeSampleTests;
			sourceTree = "<group>";
		};
/* End PBXGroup section */

/* Begin PBXNativeTarget section */
		DBD82F65213C3F9600C444A6 /* HorizontalSwipeSample */ = {
			isa = PBXNativeTarget;
			buildConfigurationList = DBD82F83213C3F9700C444A6 /* Build configuration list for PBXNativeTarget "HorizontalSwipeSample" */;
			buildPhases = (
				DBD82F62213C3F9600C444A6 /* Sources */,
				DBD82F63213C3F9600C444A6 /* Frameworks */,
				DBD82F64213C3F9600C444A6 /* Resources */,
			);
			buildRules = (
			);
			dependencies = (
			);
			name = HorizontalSwipeSample;
			productName = HorizontalSwipeSample;
			productReference = DBD82F66213C3F9600C444A6 /* HorizontalSwipeSample.app */;
			productType = "com.apple.product-type.application";
		};
		DBD82F79213C3F9600C444A6 /* HorizontalSwipeSampleTests */ = {
			isa = PBXNativeTarget;
			buildConfigurationList = DBD82F86213C3F9700C444A6 /* Build configuration list for PBXNativeTarget "HorizontalSwipeSampleTests" */;
			buildPhases = (
				DBD82F76213C3F9600C444A6 /* Sources */,
				DBD82F77213C3F9600C444A6 /* Frameworks */,
				DBD82F78213C3F9600C444A6 /* Resources */,
			);
			buildRules = (
			);
			dependencies = (
				DBD82F7C213C3F9600C444A6 /* PBXTargetDependency */,
			);
			name = HorizontalSwipeSampleTests;
			productName = HorizontalSwipeSampleTests;
			productReference = DBD82F7A213C3F9600C444A6 /* HorizontalSwipeSampleTests.xctest */;
			productType = "com.apple.product-type.bundle.unit-test";
		};
/* End PBXNativeTarget section */

/* Begin PBXProject section */
		DBD82F5E213C3F9600C444A6 /* Project object */ = {
			isa = PBXProject;
			attributes = {
				LastSwiftUpdateCheck = 0940;
				LastUpgradeCheck = 0940;
				ORGANIZATIONNAME = "Ta Minh Tu";
				TargetAttributes = {
					DBD82F65213C3F9600C444A6 = {
						CreatedOnToolsVersion = 9.4.1;
					};
					DBD82F79213C3F9600C444A6 = {
						CreatedOnToolsVersion = 9.4.1;
						TestTargetID = DBD82F65213C3F9600C444A6;
					};
				};
			};
			buildConfigurationList = DBD82F61213C3F9600C444A6 /* Build configuration list for PBXProject "HorizontalSwipeSample" */;
			compatibilityVersion = "Xcode 9.3";
			developmentRegion = en;
			hasScannedForEncodings = 0;
			knownRegions = (
				en,
				Base,
			);
			mainGroup = DBD82F5D213C3F9600C444A6;
			productRefGroup = DBD82F67213C3F9600C444A6 /* Products */;
			projectDirPath = "";
			projectRoot = "";
			targets = (
				DBD82F65213C3F9600C444A6 /* HorizontalSwipeSample */,
				DBD82F79213C3F9600C444A6 /* HorizontalSwipeSampleTests */,
			);
		};
/* End PBXProject section */

/* Begin PBXResourcesBuildPhase section */
		DBD82F64213C3F9600C444A6 /* Resources */ = {
			isa = PBXResourcesBuildPhase;
			buildActionMask = 2147483647;
			files = (
				DBD82F74213C3F9600C444A6 /* LaunchScreen.storyboard in Resources */,
				DBD82F71213C3F9600C444A6 /* Assets.xcassets in Resources */,
				DBD82F6F213C3F9600C444A6 /* Main.storyboard in Resources */,
			);
			runOnlyForDeploymentPostprocessing = 0;
		};
		DBD82F78213C3F9600C444A6 /* Resources */ = {
			isa = PBXResourcesBuildPhase;
			buildActionMask = 2147483647;
			files = (
			);
			runOnlyForDeploymentPostprocessing = 0;
		};
/* End PBXResourcesBuildPhase section */

/* Begin PBXSourcesBuildPhase section */
		DBD82F62213C3F9600C444A6 /* Sources */ = {
			isa = PBXSourcesBuildPhase;
			buildActionMask = 2147483647;
			files = (
				DBD82F6C213C3F9600C444A6 /* ViewController.swift in Sources */,
				DBD82F6A213C3F9600C444A6 /* AppDelegate.swift in Sources */,
			);
			runOnlyForDeploymentPostprocessing = 0;
		};
		DBD82F76213C3F9600C444A6 /* Sources */ = {
			isa = PBXSourcesBuildPhase;
			buildActionMask = 2147483647;
			files = (
				DBD82F7F213C3F9600C444A6 /* HorizontalSwipeSampleTests.swift in Sources */,
			);
			runOnlyForDeploymentPostprocessing = 0;
		};
/* End PBXSourcesBuildPhase section */

/* Begin PBXTargetDependency section */
		DBD82F7C213C3F9600C444A6 /* PBXTargetDependency */ = {
			isa = PBXTargetDependency;
			target = DBD82F65213C3F9600C444A6 /* HorizontalSwipeSample */;
			targetProxy = DBD82F7B213C3F9600C444A6 /* PBXContainerItemProxy */;
		};
/* End PBXTargetDependency section */

/* Begin PBXVariantGroup section */
		DBD82F6D213C3F9600C444A6 /* Main.storyboard */ = {
			isa = PBXVariantGroup;
			children = (
				DBD82F6E213C3F9600C444A6 /* Base */,
			);
			name = Main.storyboard;
			sourceTree = "<group>";
		};
		DBD82F72213C3F9600C444A6 /* LaunchScreen.storyboard */ = {
			isa = PBXVariantGroup;
			children = (
				DBD82F73213C3F9600C444A6 /* Base */,
			);
			name = LaunchScreen.storyboard;
			sourceTree = "<group>";
		};
/* End PBXVariantGroup section */

/* Begin XCBuildConfiguration section */
		DBD82F81213C3F9700C444A6 /* Debug */ = {
			isa = XCBuildConfiguration;
			buildSettings = {
				ALWAYS_SEARCH_USER_PATHS = NO;
				CLANG_ANALYZER_NONNULL = YES;
				CLANG_ANALYZER_NUMBER_OBJECT_CONVERSION = YES_AGGRESSIVE;
				CLANG_CXX_LANGUAGE_STANDARD = "gnu++14";
				CLANG_CXX_LIBRARY = "libc++";
				CLANG_ENABLE_MODULES = YES;
				CLANG_ENABLE_OBJC_ARC = YES;
				CLANG_ENABLE_OBJC_WEAK = YES;
				CLANG_WARN_BLOCK_CAPTURE_AUTORELEASING = YES;
				CLANG_WARN_BOOL_CONVERSION = YES;
				CLANG_WARN_COMMA = YES;
				CLANG_WARN_CONSTANT_CONVERSION = YES;
				CLANG_WARN_DEPRECATED_OBJC_IMPLEMENTATIONS = YES;
				CLANG_WARN_DIRECT_OBJC_ISA_USAGE = YES_ERROR;
				CLANG_WARN_DOCUMENTATION_COMMENTS = YES;
				CLANG_WARN_EMPTY_BODY = YES;
				CLANG_WARN_ENUM_CONVERSION = YES;
				CLANG_WARN_INFINITE_RECURSION = YES;
				CLANG_WARN_INT_CONVERSION = YES;
				CLANG_WARN_NON_LITERAL_NULL_CONVERSION = YES;
				CLANG_WARN_OBJC_IMPLICIT_RETAIN_SELF = YES;
				CLANG_WARN_OBJC_LITERAL_CONVERSION = YES;
				CLANG_WARN_OBJC_ROOT_CLASS = YES_ERROR;
				CLANG_WARN_RANGE_LOOP_ANALYSIS = YES;
				CLANG_WARN_STRICT_PROTOTYPES = YES;
				CLANG_WARN_SUSPICIOUS_MOVE = YES;
				CLANG_WARN_UNGUARDED_AVAILABILITY = YES_AGGRESSIVE;
				CLANG_WARN_UNREACHABLE_CODE = YES;
				CLANG_WARN__DUPLICATE_METHOD_MATCH = YES;
				CODE_SIGN_IDENTITY = "iPhone Developer";
				COPY_PHASE_STRIP = NO;
				DEBUG_INFORMATION_FORMAT = dwarf;
				ENABLE_STRICT_OBJC_MSGSEND = YES;
				ENABLE_TESTABILITY = YES;
				GCC_C_LANGUAGE_STANDARD = gnu11;
				GCC_DYNAMIC_NO_PIC = NO;
				GCC_NO_COMMON_BLOCKS = YES;
				GCC_OPTIMIZATION_LEVEL = 0;
				GCC_PREPROCESSOR_DEFINITIONS = (
					"DEBUG=1",
					"$(inherited)",
				);
				GCC_WARN_64_TO_32_BIT_CONVERSION = YES;
				GCC_WARN_ABOUT_RETURN_TYPE = YES_ERROR;
				GCC_WARN_UNDECLARED_SELECTOR = YES;
				GCC_WARN_UNINITIALIZED_AUTOS = YES_AGGRESSIVE;
				GCC_WARN_UNUSED_FUNCTION = YES;
				GCC_WARN_UNUSED_VARIABLE = YES;
				IPHONEOS_DEPLOYMENT_TARGET = 11.4;
				MTL_ENABLE_DEBUG_INFO = YES;
				ONLY_ACTIVE_ARCH = YES;
				SDKROOT = iphoneos;
				SWIFT_ACTIVE_COMPILATION_CONDITIONS = DEBUG;
				SWIFT_OPTIMIZATION_LEVEL = "-Onone";
			};
			name = Debug;
		};
		DBD82F82213C3F9700C444A6 /* Release */ = {
			isa = XCBuildConfiguration;
			buildSettings = {
				ALWAYS_SEARCH_USER_PATHS = NO;
				CLANG_ANALYZER_NONNULL = YES;
				CLANG_ANALYZER_NUMBER_OBJECT_CONVERSION = YES_AGGRESSIVE;
				CLANG_CXX_LANGUAGE_STANDARD = "gnu++14";
				CLANG_CXX_LIBRARY = "libc++";
				CLANG_ENABLE_MODULES = YES;
				CLANG_ENABLE_OBJC_ARC = YES;
				CLANG_ENABLE_OBJC_WEAK = YES;
				CLANG_WARN_BLOCK_CAPTURE_AUTORELEASING = YES;
				CLANG_WARN_BOOL_CONVERSION = YES;
				CLANG_WARN_COMMA = YES;
				CLANG_WARN_CONSTANT_CONVERSION = YES;
				CLANG_WARN_DEPRECATED_OBJC_IMPLEMENTATIONS = YES;
				CLANG_WARN_DIRECT_OBJC_ISA_USAGE = YES_ERROR;
				CLANG_WARN_DOCUMENTATION_COMMENTS = YES;
				CLANG_WARN_EMPTY_BODY = YES;
				CLANG_WARN_ENUM_CONVERSION = YES;
				CLANG_WARN_INFINITE_RECURSION = YES;
				CLANG_WARN_INT_CONVERSION = YES;
				CLANG_WARN_NON_LITERAL_NULL_CONVERSION = YES;
				CLANG_WARN_OBJC_IMPLICIT_RETAIN_SELF = YES;
				CLANG_WARN_OBJC_LITERAL_CONVERSION = YES;
				CLANG_WARN_OBJC_ROOT_CLASS = YES_ERROR;
				CLANG_WARN_RANGE_LOOP_ANALYSIS = YES;
				CLANG_WARN_STRICT_PROTOTYPES = YES;
				CLANG_WARN_SUSPICIOUS_MOVE = YES;
				CLANG_WARN_UNGUARDED_AVAILABILITY = YES_AGGRESSIVE;
				CLANG_WARN_UNREACHABLE_CODE = YES;
				CLANG_WARN__DUPLICATE_METHOD_MATCH = YES;
				CODE_SIGN_IDENTITY = "iPhone Developer";
				COPY_PHASE_STRIP = NO;
				DEBUG_INFORMATION_FORMAT = "dwarf-with-dsym";
				ENABLE_NS_ASSERTIONS = NO;
				ENABLE_STRICT_OBJC_MSGSEND = YES;
				GCC_C_LANGUAGE_STANDARD = gnu11;
				GCC_NO_COMMON_BLOCKS = YES;
				GCC_WARN_64_TO_32_BIT_CONVERSION = YES;
				GCC_WARN_ABOUT_RETURN_TYPE = YES_ERROR;
				GCC_WARN_UNDECLARED_SELECTOR = YES;
				GCC_WARN_UNINITIALIZED_AUTOS = YES_AGGRESSIVE;
				GCC_WARN_UNUSED_FUNCTION = YES;
				GCC_WARN_UNUSED_VARIABLE = YES;
				IPHONEOS_DEPLOYMENT_TARGET = 11.4;
				MTL_ENABLE_DEBUG_INFO = NO;
				SDKROOT = iphoneos;
				SWIFT_COMPILATION_MODE = wholemodule;
				SWIFT_OPTIMIZATION_LEVEL = "-O";
				VALIDATE_PRODUCT = YES;
			};
			name = Release;
		};
		DBD82F84213C3F9700C444A6 /* Debug */ = {
			isa = XCBuildConfiguration;
			buildSettings = {
				ASSETCATALOG_COMPILER_APPICON_NAME = AppIcon;
				CODE_SIGN_STYLE = Automatic;
				INFOPLIST_FILE = HorizontalSwipeSample/Info.plist;
				LD_RUNPATH_SEARCH_PATHS = (
					"$(inherited)",
					"@executable_path/Frameworks",
				);
				PRODUCT_BUNDLE_IDENTIFIER = com.david.HorizontalSwipeSample;
				PRODUCT_NAME = "$(TARGET_NAME)";
				SWIFT_VERSION = 4.0;
				TARGETED_DEVICE_FAMILY = "1,2";
			};
			name = Debug;
		};
		DBD82F85213C3F9700C444A6 /* Release */ = {
			isa = XCBuildConfiguration;
			buildSettings = {
				ASSETCATALOG_COMPILER_APPICON_NAME = AppIcon;
				CODE_SIGN_STYLE = Automatic;
				INFOPLIST_FILE = HorizontalSwipeSample/Info.plist;
				LD_RUNPATH_SEARCH_PATHS = (
					"$(inherited)",
					"@executable_path/Frameworks",
				);
				PRODUCT_BUNDLE_IDENTIFIER = com.david.HorizontalSwipeSample;
				PRODUCT_NAME = "$(TARGET_NAME)";
				SWIFT_VERSION = 4.0;
				TARGETED_DEVICE_FAMILY = "1,2";
			};
			name = Release;
		};
		DBD82F87213C3F9700C444A6 /* Debug */ = {
			isa = XCBuildConfiguration;
			buildSettings = {
				ALWAYS_EMBED_SWIFT_STANDARD_LIBRARIES = YES;
				BUNDLE_LOADER = "$(TEST_HOST)";
				CODE_SIGN_STYLE = Automatic;
				INFOPLIST_FILE = HorizontalSwipeSampleTests/Info.plist;
				LD_RUNPATH_SEARCH_PATHS = (
					"$(inherited)",
					"@executable_path/Frameworks",
					"@loader_path/Frameworks",
				);
				PRODUCT_BUNDLE_IDENTIFIER = com.david.HorizontalSwipeSampleTests;
				PRODUCT_NAME = "$(TARGET_NAME)";
				SWIFT_VERSION = 4.0;
				TARGETED_DEVICE_FAMILY = "1,2";
				TEST_HOST = "$(BUILT_PRODUCTS_DIR)/HorizontalSwipeSample.app/HorizontalSwipeSample";
			};
			name = Debug;
		};
		DBD82F88213C3F9700C444A6 /* Release */ = {
			isa = XCBuildConfiguration;
			buildSettings = {
				ALWAYS_EMBED_SWIFT_STANDARD_LIBRARIES = YES;
				BUNDLE_LOADER = "$(TEST_HOST)";
				CODE_SIGN_STYLE = Automatic;
				INFOPLIST_FILE = HorizontalSwipeSampleTests/Info.plist;
				LD_RUNPATH_SEARCH_PATHS = (
					"$(inherited)",
					"@executable_path/Frameworks",
					"@loader_path/Frameworks",
				);
				PRODUCT_BUNDLE_IDENTIFIER = com.david.HorizontalSwipeSampleTests;
				PRODUCT_NAME = "$(TARGET_NAME)";
				SWIFT_VERSION = 4.0;
				TARGETED_DEVICE_FAMILY = "1,2";
				TEST_HOST = "$(BUILT_PRODUCTS_DIR)/HorizontalSwipeSample.app/HorizontalSwipeSample";
			};
			name = Release;
		};
/* End XCBuildConfiguration section */

/* Begin XCConfigurationList section */
		DBD82F61213C3F9600C444A6 /* Build configuration list for PBXProject "HorizontalSwipeSample" */ = {
			isa = XCConfigurationList;
			buildConfigurations = (
				DBD82F81213C3F9700C444A6 /* Debug */,
				DBD82F82213C3F9700C444A6 /* Release */,
			);
			defaultConfigurationIsVisible = 0;
			defaultConfigurationName = Release;
		};
		DBD82F83213C3F9700C444A6 /* Build configuration list for PBXNativeTarget "HorizontalSwipeSample" */ = {
			isa = XCConfigurationList;
			buildConfigurations = (
				DBD82F84213C3F9700C444A6 /* Debug */,
				DBD82F85213C3F9700C444A6 /* Release */,
			);
			defaultConfigurationIsVisible = 0;
			defaultConfigurationName = Release;
		};
		DBD82F86213C3F9700C444A6 /* Build configuration list for PBXNativeTarget "HorizontalSwipeSampleTests" */ = {
			isa = XCConfigurationList;
			buildConfigurations = (
				DBD82F87213C3F9700C444A6 /* Debug */,
				DBD82F88213C3F9700C444A6 /* Release */,
			);
			defaultConfigurationIsVisible = 0;
			defaultConfigurationName = Release;
		};
/* End XCConfigurationList section */
	};
	rootObject = DBD82F5E213C3F9600C444A6 /* Project object */;
}
